
Microsoft Visual Studio Solution File, Format Version 12.00
# Visual Studio 14
VisualStudioVersion = 14.0.25420.1
MinimumVisualStudioVersion = 10.0.40219.1
Project("{159641D6-6404-4A2A-AE62-294DE0FE8301}") = "Dashboard_IS", "Dashboard_IS\Dashboard_IS.dtproj", "{97D60FEE-6C27-406A-B562-60D50E8E2640}"
EndProject
Global
	GlobalSection(SolutionConfigurationPlatforms) = preSolution
		Development|Default = Development|Default
	EndGlobalSection
	GlobalSection(ProjectConfigurationPlatforms) = postSolution
		{97D60FEE-6C27-406A-B562-60D50E8E2640}.Development|Default.ActiveCfg = Development
		{97D60FEE-6C27-406A-B562-60D50E8E2640}.Development|Default.Build.0 = Development
	EndGlobalSection
	GlobalSection(SolutionProperties) = preSolution
		HideSolutionNode = FALSE
	EndGlobalSection
EndGlobal
